
Microsoft Visual Studio Solution File, Format Version 12.00
# Visual Studio Version 17
VisualStudioVersion = 17.6.33829.357
MinimumVisualStudioVersion = 10.0.40219.1
Project("{2150E333-8FDC-42A3-9474-1A3956D46DE8}") = "Base", "Base", "{FFD3C85D-9451-4936-B8F8-DAF071E5F0A5}"
EndProject
Project("{2150E333-8FDC-42A3-9474-1A3956D46DE8}") = "Applications", "Applications", "{E30F7EEA-E03B-4A98-86CA-7E288AA6D0AF}"
EndProject
Project("{2150E333-8FDC-42A3-9474-1A3956D46DE8}") = "HomagConnect.MMR Mobile", "HomagConnect.MMR Mobile", "{69DA6B43-F06E-40E2-BCA4-C10CE75E3BDA}"
	ProjectSection(SolutionItems) = preProject
		Applications\MmrMobile\Documentation\README.md = Applications\MmrMobile\Documentation\README.md
	EndProjectSection
EndProject
Project("{9A19103F-16F7-4668-BE54-9A1E7A4F7556}") = "HomagConnect.Base", "Base\HomagConnect.Base\HomagConnect.Base.csproj", "{61869BEC-389A-4F4E-8AEC-10BC15A0DEFD}"
EndProject
Project("{9A19103F-16F7-4668-BE54-9A1E7A4F7556}") = "HomagConnect.MmrMobile.Client", "Applications\MmrMobile\Client\HomagConnect.MmrMobile.Client.csproj", "{7E3C98BE-5CD8-40D5-929C-92E108FEF2ED}"
EndProject
Project("{2150E333-8FDC-42A3-9474-1A3956D46DE8}") = "HomagConnect.IntelliDivide", "HomagConnect.IntelliDivide", "{49D52272-39DD-4CB3-8921-B33207BE43AE}"
	ProjectSection(SolutionItems) = preProject
		Applications\IntelliDivide\Documentation\README.md = Applications\IntelliDivide\Documentation\README.md
	EndProjectSection
EndProject
Project("{9A19103F-16F7-4668-BE54-9A1E7A4F7556}") = "HomagConnect.IntelliDivide.Contracts", "Applications\IntelliDivide\Contracts\HomagConnect.IntelliDivide.Contracts.csproj", "{842FC672-9A07-469A-B882-9863BB0F182B}"
EndProject
Project("{9A19103F-16F7-4668-BE54-9A1E7A4F7556}") = "HomagConnect.IntelliDivide.Client", "Applications\IntelliDivide\Client\HomagConnect.IntelliDivide.Client.csproj", "{FA2A71F9-C999-4CD6-9F2C-73AC0C40AC49}"
EndProject
Project("{9A19103F-16F7-4668-BE54-9A1E7A4F7556}") = "HomagConnect.IntelliDivide.Samples", "Applications\IntelliDivide\Samples\HomagConnect.IntelliDivide.Samples.csproj", "{3EF18632-0086-4327-85BD-A2DB782BE06F}"
EndProject
Project("{9A19103F-16F7-4668-BE54-9A1E7A4F7556}") = "HomagConnect.IntelliDivide.Tests", "Applications\IntelliDivide\Tests\HomagConnect.IntelliDivide.Tests.csproj", "{2E8F906A-E9D0-4063-A544-BAE60F29A90B}"
EndProject
Project("{2150E333-8FDC-42A3-9474-1A3956D46DE8}") = "Solution Items", "Solution Items", "{2E7E070F-ED86-401C-93B5-7A2ABF62A80A}"
	ProjectSection(SolutionItems) = preProject
		.editorconfig = .editorconfig
		azure-pipelines.yml = azure-pipelines.yml
		homag-connect.sln.DotSettings = homag-connect.sln.DotSettings
		README.md = README.md
	EndProjectSection
EndProject
Project("{2150E333-8FDC-42A3-9474-1A3956D46DE8}") = "Documentation", "Documentation", "{EB249CD3-484B-44B7-B959-FA58CD6C52CB}"
	ProjectSection(SolutionItems) = preProject
		Applications\IntelliDivide\Documentation\README.md = Applications\IntelliDivide\Documentation\README.md
	EndProjectSection
EndProject
Project("{9A19103F-16F7-4668-BE54-9A1E7A4F7556}") = "HomagConnect.Base.Tests", "Base\HomagConnect.Base.Tests\HomagConnect.Base.Tests.csproj", "{FAE434F6-9E58-4AC7-B481-8D661080FAE3}"
EndProject
Project("{9A19103F-16F7-4668-BE54-9A1E7A4F7556}") = "HomagConnect.Base.Contracts", "Base\HomagConnect.Base.Contracts\HomagConnect.Base.Contracts.csproj", "{6BD4F45A-5C4A-4300-A4FB-171E53C0A123}"
EndProject
Project("{2150E333-8FDC-42A3-9474-1A3956D46DE8}") = "HomagConnect.MaterialManager", "HomagConnect.MaterialManager", "{BAD63B1E-5971-410C-9FEE-0D9D1DCBCAD3}"
EndProject
Project("{9A19103F-16F7-4668-BE54-9A1E7A4F7556}") = "HomagConnect.MaterialManager.Client", "Applications\MaterialManager\Client\HomagConnect.MaterialManager.Client.csproj", "{34894EB7-8814-495C-B9E3-2E07A8946A11}"
EndProject
Project("{9A19103F-16F7-4668-BE54-9A1E7A4F7556}") = "HomagConnect.MaterialManager.Contracts", "Applications\MaterialManager\Contracts\HomagConnect.MaterialManager.Contracts.csproj", "{99D3C526-53DF-4191-968F-6105F7CEB9FF}"
EndProject
Project("{2150E333-8FDC-42A3-9474-1A3956D46DE8}") = "Documentation", "Documentation", "{5ECB8B6A-CD21-4E60-B2B8-543D10B4B4CF}"
EndProject
Project("{9A19103F-16F7-4668-BE54-9A1E7A4F7556}") = "HomagConnect.MaterialManager.Tests", "Applications\MaterialManager\Tests\HomagConnect.MaterialManager.Tests.csproj", "{FB26B71F-ABD5-4FF5-81A2-F7C974472764}"
EndProject
Project("{2150E333-8FDC-42A3-9474-1A3956D46DE8}") = "Authorization", "Authorization", "{D6E6F5DD-161B-493B-AB12-42FE4777BBEB}"
	ProjectSection(SolutionItems) = preProject
		Applications\IntelliDivide\Documentation\Authorization\Authorization.md = Applications\IntelliDivide\Documentation\Authorization\Authorization.md
	EndProjectSection
EndProject
Project("{2150E333-8FDC-42A3-9474-1A3956D46DE8}") = "OptimizationRequest", "OptimizationRequest", "{A3028654-56E3-4E06-B6BD-8CE041087FDF}"
	ProjectSection(SolutionItems) = preProject
		Applications\IntelliDivide\Documentation\OptimizationRequest\OptimzationRequest.md = Applications\IntelliDivide\Documentation\OptimizationRequest\OptimzationRequest.md
	EndProjectSection
EndProject
Project("{2150E333-8FDC-42A3-9474-1A3956D46DE8}") = "Statistics", "Statistics", "{A255C636-CE14-4235-85DD-7EF22F204FD7}"
EndProject
Project("{2150E333-8FDC-42A3-9474-1A3956D46DE8}") = "Material", "Material", "{AD5BE7C3-6E19-4CEF-95C2-33F722B76FD9}"
	ProjectSection(SolutionItems) = preProject
		Applications\IntelliDivide\Documentation\Statistics\Material\MaterialStatistics-Client.md = Applications\IntelliDivide\Documentation\Statistics\Material\MaterialStatistics-Client.md
		Applications\IntelliDivide\Documentation\Statistics\Material\MaterialStatistics-Excel.md = Applications\IntelliDivide\Documentation\Statistics\Material\MaterialStatistics-Excel.md
		Applications\IntelliDivide\Documentation\Statistics\Material\MaterialStatistics-PowerBI.md = Applications\IntelliDivide\Documentation\Statistics\Material\MaterialStatistics-PowerBI.md
		Applications\IntelliDivide\Documentation\Statistics\Material\MaterialStatistics.md = Applications\IntelliDivide\Documentation\Statistics\Material\MaterialStatistics.md
	EndProjectSection
EndProject
Project("{9A19103F-16F7-4668-BE54-9A1E7A4F7556}") = "HomagConnect.MmrMobile.Contracts", "Applications\MmrMobile\Contracts\HomagConnect.MmrMobile.Contracts.csproj", "{9E9B7350-544D-4B43-8169-DCE1428E2544}"
EndProject
Project("{9A19103F-16F7-4668-BE54-9A1E7A4F7556}") = "HomagConnect.MmrMobile.Tests", "Applications\MmrMobile\Tests\HomagConnect.MmrMobile.Tests.csproj", "{262F23C2-54C8-4BD2-8200-72C39D5EAA4C}"
EndProject
Project("{2150E333-8FDC-42A3-9474-1A3956D46DE8}") = "Documentation", "Documentation", "{EAD66683-1FF4-4C91-8FCC-18415AA99FFB}"
	ProjectSection(SolutionItems) = preProject
		Applications\MmrMobile\Documentation\README.md = Applications\MmrMobile\Documentation\README.md
	EndProjectSection
EndProject
Project("{9A19103F-16F7-4668-BE54-9A1E7A4F7556}") = "HomagConnect.MmrMobile.Samples.Console", "Applications\MmrMobile\Samples\HomagConnect.MmrMobile.Samples.Console.csproj", "{71E1F386-26A2-4D9D-B95F-FA0C631258C9}"
EndProject
Global
	GlobalSection(SolutionConfigurationPlatforms) = preSolution
		Debug|Any CPU = Debug|Any CPU
		Release|Any CPU = Release|Any CPU
	EndGlobalSection
	GlobalSection(ProjectConfigurationPlatforms) = postSolution
		{61869BEC-389A-4F4E-8AEC-10BC15A0DEFD}.Debug|Any CPU.ActiveCfg = Debug|Any CPU
		{61869BEC-389A-4F4E-8AEC-10BC15A0DEFD}.Debug|Any CPU.Build.0 = Debug|Any CPU
		{61869BEC-389A-4F4E-8AEC-10BC15A0DEFD}.Release|Any CPU.ActiveCfg = Release|Any CPU
		{61869BEC-389A-4F4E-8AEC-10BC15A0DEFD}.Release|Any CPU.Build.0 = Release|Any CPU
		{7E3C98BE-5CD8-40D5-929C-92E108FEF2ED}.Debug|Any CPU.ActiveCfg = Debug|Any CPU
		{7E3C98BE-5CD8-40D5-929C-92E108FEF2ED}.Debug|Any CPU.Build.0 = Debug|Any CPU
		{7E3C98BE-5CD8-40D5-929C-92E108FEF2ED}.Release|Any CPU.ActiveCfg = Release|Any CPU
		{7E3C98BE-5CD8-40D5-929C-92E108FEF2ED}.Release|Any CPU.Build.0 = Release|Any CPU
		{842FC672-9A07-469A-B882-9863BB0F182B}.Debug|Any CPU.ActiveCfg = Debug|Any CPU
		{842FC672-9A07-469A-B882-9863BB0F182B}.Debug|Any CPU.Build.0 = Debug|Any CPU
		{842FC672-9A07-469A-B882-9863BB0F182B}.Release|Any CPU.ActiveCfg = Release|Any CPU
		{842FC672-9A07-469A-B882-9863BB0F182B}.Release|Any CPU.Build.0 = Release|Any CPU
		{FA2A71F9-C999-4CD6-9F2C-73AC0C40AC49}.Debug|Any CPU.ActiveCfg = Debug|Any CPU
		{FA2A71F9-C999-4CD6-9F2C-73AC0C40AC49}.Debug|Any CPU.Build.0 = Debug|Any CPU
		{FA2A71F9-C999-4CD6-9F2C-73AC0C40AC49}.Release|Any CPU.ActiveCfg = Release|Any CPU
		{FA2A71F9-C999-4CD6-9F2C-73AC0C40AC49}.Release|Any CPU.Build.0 = Release|Any CPU
		{3EF18632-0086-4327-85BD-A2DB782BE06F}.Debug|Any CPU.ActiveCfg = Debug|Any CPU
		{3EF18632-0086-4327-85BD-A2DB782BE06F}.Debug|Any CPU.Build.0 = Debug|Any CPU
		{3EF18632-0086-4327-85BD-A2DB782BE06F}.Release|Any CPU.ActiveCfg = Release|Any CPU
		{3EF18632-0086-4327-85BD-A2DB782BE06F}.Release|Any CPU.Build.0 = Release|Any CPU
		{2E8F906A-E9D0-4063-A544-BAE60F29A90B}.Debug|Any CPU.ActiveCfg = Debug|Any CPU
		{2E8F906A-E9D0-4063-A544-BAE60F29A90B}.Debug|Any CPU.Build.0 = Debug|Any CPU
		{2E8F906A-E9D0-4063-A544-BAE60F29A90B}.Release|Any CPU.ActiveCfg = Release|Any CPU
		{2E8F906A-E9D0-4063-A544-BAE60F29A90B}.Release|Any CPU.Build.0 = Release|Any CPU
		{FAE434F6-9E58-4AC7-B481-8D661080FAE3}.Debug|Any CPU.ActiveCfg = Debug|Any CPU
		{FAE434F6-9E58-4AC7-B481-8D661080FAE3}.Debug|Any CPU.Build.0 = Debug|Any CPU
		{FAE434F6-9E58-4AC7-B481-8D661080FAE3}.Release|Any CPU.ActiveCfg = Release|Any CPU
		{FAE434F6-9E58-4AC7-B481-8D661080FAE3}.Release|Any CPU.Build.0 = Release|Any CPU
		{6BD4F45A-5C4A-4300-A4FB-171E53C0A123}.Debug|Any CPU.ActiveCfg = Debug|Any CPU
		{6BD4F45A-5C4A-4300-A4FB-171E53C0A123}.Debug|Any CPU.Build.0 = Debug|Any CPU
		{6BD4F45A-5C4A-4300-A4FB-171E53C0A123}.Release|Any CPU.ActiveCfg = Release|Any CPU
		{6BD4F45A-5C4A-4300-A4FB-171E53C0A123}.Release|Any CPU.Build.0 = Release|Any CPU
		{34894EB7-8814-495C-B9E3-2E07A8946A11}.Debug|Any CPU.ActiveCfg = Debug|Any CPU
		{34894EB7-8814-495C-B9E3-2E07A8946A11}.Debug|Any CPU.Build.0 = Debug|Any CPU
		{34894EB7-8814-495C-B9E3-2E07A8946A11}.Release|Any CPU.ActiveCfg = Release|Any CPU
		{34894EB7-8814-495C-B9E3-2E07A8946A11}.Release|Any CPU.Build.0 = Release|Any CPU
		{99D3C526-53DF-4191-968F-6105F7CEB9FF}.Debug|Any CPU.ActiveCfg = Debug|Any CPU
		{99D3C526-53DF-4191-968F-6105F7CEB9FF}.Debug|Any CPU.Build.0 = Debug|Any CPU
		{99D3C526-53DF-4191-968F-6105F7CEB9FF}.Release|Any CPU.ActiveCfg = Release|Any CPU
		{99D3C526-53DF-4191-968F-6105F7CEB9FF}.Release|Any CPU.Build.0 = Release|Any CPU
		{FB26B71F-ABD5-4FF5-81A2-F7C974472764}.Debug|Any CPU.ActiveCfg = Debug|Any CPU
		{FB26B71F-ABD5-4FF5-81A2-F7C974472764}.Debug|Any CPU.Build.0 = Debug|Any CPU
		{FB26B71F-ABD5-4FF5-81A2-F7C974472764}.Release|Any CPU.ActiveCfg = Release|Any CPU
		{FB26B71F-ABD5-4FF5-81A2-F7C974472764}.Release|Any CPU.Build.0 = Release|Any CPU
		{9E9B7350-544D-4B43-8169-DCE1428E2544}.Debug|Any CPU.ActiveCfg = Debug|Any CPU
		{9E9B7350-544D-4B43-8169-DCE1428E2544}.Debug|Any CPU.Build.0 = Debug|Any CPU
		{9E9B7350-544D-4B43-8169-DCE1428E2544}.Release|Any CPU.ActiveCfg = Release|Any CPU
		{9E9B7350-544D-4B43-8169-DCE1428E2544}.Release|Any CPU.Build.0 = Release|Any CPU
		{262F23C2-54C8-4BD2-8200-72C39D5EAA4C}.Debug|Any CPU.ActiveCfg = Debug|Any CPU
		{262F23C2-54C8-4BD2-8200-72C39D5EAA4C}.Debug|Any CPU.Build.0 = Debug|Any CPU
		{262F23C2-54C8-4BD2-8200-72C39D5EAA4C}.Release|Any CPU.ActiveCfg = Release|Any CPU
		{262F23C2-54C8-4BD2-8200-72C39D5EAA4C}.Release|Any CPU.Build.0 = Release|Any CPU
		{71E1F386-26A2-4D9D-B95F-FA0C631258C9}.Debug|Any CPU.ActiveCfg = Debug|Any CPU
		{71E1F386-26A2-4D9D-B95F-FA0C631258C9}.Debug|Any CPU.Build.0 = Debug|Any CPU
		{71E1F386-26A2-4D9D-B95F-FA0C631258C9}.Release|Any CPU.ActiveCfg = Release|Any CPU
		{71E1F386-26A2-4D9D-B95F-FA0C631258C9}.Release|Any CPU.Build.0 = Release|Any CPU
	EndGlobalSection
	GlobalSection(SolutionProperties) = preSolution
		HideSolutionNode = FALSE
	EndGlobalSection
	GlobalSection(NestedProjects) = preSolution
		{69DA6B43-F06E-40E2-BCA4-C10CE75E3BDA} = {E30F7EEA-E03B-4A98-86CA-7E288AA6D0AF}
		{61869BEC-389A-4F4E-8AEC-10BC15A0DEFD} = {FFD3C85D-9451-4936-B8F8-DAF071E5F0A5}
		{7E3C98BE-5CD8-40D5-929C-92E108FEF2ED} = {69DA6B43-F06E-40E2-BCA4-C10CE75E3BDA}
		{49D52272-39DD-4CB3-8921-B33207BE43AE} = {E30F7EEA-E03B-4A98-86CA-7E288AA6D0AF}
		{842FC672-9A07-469A-B882-9863BB0F182B} = {49D52272-39DD-4CB3-8921-B33207BE43AE}
		{FA2A71F9-C999-4CD6-9F2C-73AC0C40AC49} = {49D52272-39DD-4CB3-8921-B33207BE43AE}
		{3EF18632-0086-4327-85BD-A2DB782BE06F} = {49D52272-39DD-4CB3-8921-B33207BE43AE}
		{2E8F906A-E9D0-4063-A544-BAE60F29A90B} = {49D52272-39DD-4CB3-8921-B33207BE43AE}
		{EB249CD3-484B-44B7-B959-FA58CD6C52CB} = {49D52272-39DD-4CB3-8921-B33207BE43AE}
		{FAE434F6-9E58-4AC7-B481-8D661080FAE3} = {FFD3C85D-9451-4936-B8F8-DAF071E5F0A5}
		{6BD4F45A-5C4A-4300-A4FB-171E53C0A123} = {FFD3C85D-9451-4936-B8F8-DAF071E5F0A5}
		{BAD63B1E-5971-410C-9FEE-0D9D1DCBCAD3} = {E30F7EEA-E03B-4A98-86CA-7E288AA6D0AF}
		{34894EB7-8814-495C-B9E3-2E07A8946A11} = {BAD63B1E-5971-410C-9FEE-0D9D1DCBCAD3}
		{99D3C526-53DF-4191-968F-6105F7CEB9FF} = {BAD63B1E-5971-410C-9FEE-0D9D1DCBCAD3}
		{5ECB8B6A-CD21-4E60-B2B8-543D10B4B4CF} = {BAD63B1E-5971-410C-9FEE-0D9D1DCBCAD3}
		{FB26B71F-ABD5-4FF5-81A2-F7C974472764} = {BAD63B1E-5971-410C-9FEE-0D9D1DCBCAD3}
		{D6E6F5DD-161B-493B-AB12-42FE4777BBEB} = {EB249CD3-484B-44B7-B959-FA58CD6C52CB}
		{A3028654-56E3-4E06-B6BD-8CE041087FDF} = {EB249CD3-484B-44B7-B959-FA58CD6C52CB}
		{A255C636-CE14-4235-85DD-7EF22F204FD7} = {EB249CD3-484B-44B7-B959-FA58CD6C52CB}
		{AD5BE7C3-6E19-4CEF-95C2-33F722B76FD9} = {A255C636-CE14-4235-85DD-7EF22F204FD7}
		{9E9B7350-544D-4B43-8169-DCE1428E2544} = {69DA6B43-F06E-40E2-BCA4-C10CE75E3BDA}
		{262F23C2-54C8-4BD2-8200-72C39D5EAA4C} = {69DA6B43-F06E-40E2-BCA4-C10CE75E3BDA}
		{EAD66683-1FF4-4C91-8FCC-18415AA99FFB} = {69DA6B43-F06E-40E2-BCA4-C10CE75E3BDA}
		{71E1F386-26A2-4D9D-B95F-FA0C631258C9} = {69DA6B43-F06E-40E2-BCA4-C10CE75E3BDA}
	EndGlobalSection
	GlobalSection(ExtensibilityGlobals) = postSolution
		SolutionGuid = {F9895656-0897-4137-86F9-8DBCC5E494A6}
	EndGlobalSection
EndGlobal
