
Microsoft Visual Studio Solution File, Format Version 12.00
# Visual Studio Version 17
VisualStudioVersion = 17.6.33829.357
MinimumVisualStudioVersion = 10.0.40219.1
Project("{2150E333-8FDC-42A3-9474-1A3956D46DE8}") = "Base", "Base", "{FFD3C85D-9451-4936-B8F8-DAF071E5F0A5}"
EndProject
Project("{2150E333-8FDC-42A3-9474-1A3956D46DE8}") = "Applications", "Applications", "{E30F7EEA-E03B-4A98-86CA-7E288AA6D0AF}"
EndProject
Project("{2150E333-8FDC-42A3-9474-1A3956D46DE8}") = "HomagConnect.MMR Mobile", "HomagConnect.MMR Mobile", "{69DA6B43-F06E-40E2-BCA4-C10CE75E3BDA}"
EndProject
Project("{2150E333-8FDC-42A3-9474-1A3956D46DE8}") = "Client", "Client", "{D59622E0-CD8A-48D0-B81D-751064101B43}"
EndProject
Project("{9A19103F-16F7-4668-BE54-9A1E7A4F7556}") = "HomagConnect.Base", "Base\HomagConnect.Base\HomagConnect.Base.csproj", "{61869BEC-389A-4F4E-8AEC-10BC15A0DEFD}"
EndProject
Project("{2150E333-8FDC-42A3-9474-1A3956D46DE8}") = "Samples", "Samples", "{027052D8-E4BC-4C8A-BC66-8DDCB07732F2}"
EndProject
Project("{9A19103F-16F7-4668-BE54-9A1E7A4F7556}") = "HomagConnect.MmrMobile.Client", "Applications\MmrMobile\Client\HomagConnect.MmrMobile.Client.csproj", "{7E3C98BE-5CD8-40D5-929C-92E108FEF2ED}"
EndProject
Project("{9A19103F-16F7-4668-BE54-9A1E7A4F7556}") = "HomagConnect.MmrMobile.Samples.Console", "Applications\MmrMobile\Samples\CSharp\Console\HomagConnect.MmrMobile.Samples.Console.csproj", "{3016CA6B-D99B-4D3D-B827-2337BD88C145}"
EndProject
Project("{9A19103F-16F7-4668-BE54-9A1E7A4F7556}") = "HomagConnect.MmrMobile.Samples.Tests", "Applications\MmrMobile\Samples\CSharp\Tests\HomagConnect.MmrMobile.Samples.Tests.csproj", "{1BF4F8D0-ECFD-4AD8-AEB6-AE04721A14AF}"
EndProject
Project("{2150E333-8FDC-42A3-9474-1A3956D46DE8}") = "Console", "Console", "{07DF7DD9-420B-49D8-892D-D18C154CA578}"
EndProject
Project("{2150E333-8FDC-42A3-9474-1A3956D46DE8}") = "Tests", "Tests", "{19C1ED1F-932D-44B3-B84E-4F30A7103DA7}"
EndProject
Project("{2150E333-8FDC-42A3-9474-1A3956D46DE8}") = "HomagConnect.IntelliDivide", "HomagConnect.IntelliDivide", "{49D52272-39DD-4CB3-8921-B33207BE43AE}"
	ProjectSection(SolutionItems) = preProject
		Applications\IntelliDivide\Documentation\README.md = Applications\IntelliDivide\Documentation\README.md
	EndProjectSection
EndProject
Project("{9A19103F-16F7-4668-BE54-9A1E7A4F7556}") = "HomagConnect.IntelliDivide.Contracts", "Applications\IntelliDivide\Contracts\HomagConnect.IntelliDivide.Contracts.csproj", "{842FC672-9A07-469A-B882-9863BB0F182B}"
EndProject
Project("{9A19103F-16F7-4668-BE54-9A1E7A4F7556}") = "HomagConnect.IntelliDivide.Client", "Applications\IntelliDivide\Client\HomagConnect.IntelliDivide.Client.csproj", "{FA2A71F9-C999-4CD6-9F2C-73AC0C40AC49}"
EndProject
Project("{9A19103F-16F7-4668-BE54-9A1E7A4F7556}") = "HomagConnect.IntelliDivide.Samples", "Applications\IntelliDivide\Samples\HomagConnect.IntelliDivide.Samples.csproj", "{3EF18632-0086-4327-85BD-A2DB782BE06F}"
EndProject
Project("{9A19103F-16F7-4668-BE54-9A1E7A4F7556}") = "HomagConnect.IntelliDivide.Tests", "Applications\IntelliDivide\Tests\HomagConnect.IntelliDivide.Tests.csproj", "{2E8F906A-E9D0-4063-A544-BAE60F29A90B}"
EndProject
Project("{2150E333-8FDC-42A3-9474-1A3956D46DE8}") = "Solution Items", "Solution Items", "{2E7E070F-ED86-401C-93B5-7A2ABF62A80A}"
	ProjectSection(SolutionItems) = preProject
		azure-pipelines.yml = azure-pipelines.yml
		homag-connect.sln.DotSettings = homag-connect.sln.DotSettings
		README.md = README.md
	EndProjectSection
EndProject
Global
	GlobalSection(SolutionConfigurationPlatforms) = preSolution
		Debug|Any CPU = Debug|Any CPU
		Release|Any CPU = Release|Any CPU
	EndGlobalSection
	GlobalSection(ProjectConfigurationPlatforms) = postSolution
		{61869BEC-389A-4F4E-8AEC-10BC15A0DEFD}.Debug|Any CPU.ActiveCfg = Debug|Any CPU
		{61869BEC-389A-4F4E-8AEC-10BC15A0DEFD}.Debug|Any CPU.Build.0 = Debug|Any CPU
		{61869BEC-389A-4F4E-8AEC-10BC15A0DEFD}.Release|Any CPU.ActiveCfg = Release|Any CPU
		{61869BEC-389A-4F4E-8AEC-10BC15A0DEFD}.Release|Any CPU.Build.0 = Release|Any CPU
		{7E3C98BE-5CD8-40D5-929C-92E108FEF2ED}.Debug|Any CPU.ActiveCfg = Debug|Any CPU
		{7E3C98BE-5CD8-40D5-929C-92E108FEF2ED}.Debug|Any CPU.Build.0 = Debug|Any CPU
		{7E3C98BE-5CD8-40D5-929C-92E108FEF2ED}.Release|Any CPU.ActiveCfg = Release|Any CPU
		{7E3C98BE-5CD8-40D5-929C-92E108FEF2ED}.Release|Any CPU.Build.0 = Release|Any CPU
		{3016CA6B-D99B-4D3D-B827-2337BD88C145}.Debug|Any CPU.ActiveCfg = Debug|Any CPU
		{3016CA6B-D99B-4D3D-B827-2337BD88C145}.Debug|Any CPU.Build.0 = Debug|Any CPU
		{3016CA6B-D99B-4D3D-B827-2337BD88C145}.Release|Any CPU.ActiveCfg = Release|Any CPU
		{3016CA6B-D99B-4D3D-B827-2337BD88C145}.Release|Any CPU.Build.0 = Release|Any CPU
		{1BF4F8D0-ECFD-4AD8-AEB6-AE04721A14AF}.Debug|Any CPU.ActiveCfg = Debug|Any CPU
		{1BF4F8D0-ECFD-4AD8-AEB6-AE04721A14AF}.Debug|Any CPU.Build.0 = Debug|Any CPU
		{1BF4F8D0-ECFD-4AD8-AEB6-AE04721A14AF}.Release|Any CPU.ActiveCfg = Release|Any CPU
		{1BF4F8D0-ECFD-4AD8-AEB6-AE04721A14AF}.Release|Any CPU.Build.0 = Release|Any CPU
		{842FC672-9A07-469A-B882-9863BB0F182B}.Debug|Any CPU.ActiveCfg = Debug|Any CPU
		{842FC672-9A07-469A-B882-9863BB0F182B}.Debug|Any CPU.Build.0 = Debug|Any CPU
		{842FC672-9A07-469A-B882-9863BB0F182B}.Release|Any CPU.ActiveCfg = Release|Any CPU
		{842FC672-9A07-469A-B882-9863BB0F182B}.Release|Any CPU.Build.0 = Release|Any CPU
		{FA2A71F9-C999-4CD6-9F2C-73AC0C40AC49}.Debug|Any CPU.ActiveCfg = Debug|Any CPU
		{FA2A71F9-C999-4CD6-9F2C-73AC0C40AC49}.Debug|Any CPU.Build.0 = Debug|Any CPU
		{FA2A71F9-C999-4CD6-9F2C-73AC0C40AC49}.Release|Any CPU.ActiveCfg = Release|Any CPU
		{FA2A71F9-C999-4CD6-9F2C-73AC0C40AC49}.Release|Any CPU.Build.0 = Release|Any CPU
		{3EF18632-0086-4327-85BD-A2DB782BE06F}.Debug|Any CPU.ActiveCfg = Debug|Any CPU
		{3EF18632-0086-4327-85BD-A2DB782BE06F}.Debug|Any CPU.Build.0 = Debug|Any CPU
		{3EF18632-0086-4327-85BD-A2DB782BE06F}.Release|Any CPU.ActiveCfg = Release|Any CPU
		{3EF18632-0086-4327-85BD-A2DB782BE06F}.Release|Any CPU.Build.0 = Release|Any CPU
		{2E8F906A-E9D0-4063-A544-BAE60F29A90B}.Debug|Any CPU.ActiveCfg = Debug|Any CPU
		{2E8F906A-E9D0-4063-A544-BAE60F29A90B}.Debug|Any CPU.Build.0 = Debug|Any CPU
		{2E8F906A-E9D0-4063-A544-BAE60F29A90B}.Release|Any CPU.ActiveCfg = Release|Any CPU
		{2E8F906A-E9D0-4063-A544-BAE60F29A90B}.Release|Any CPU.Build.0 = Release|Any CPU
	EndGlobalSection
	GlobalSection(SolutionProperties) = preSolution
		HideSolutionNode = FALSE
	EndGlobalSection
	GlobalSection(NestedProjects) = preSolution
		{69DA6B43-F06E-40E2-BCA4-C10CE75E3BDA} = {E30F7EEA-E03B-4A98-86CA-7E288AA6D0AF}
		{D59622E0-CD8A-48D0-B81D-751064101B43} = {69DA6B43-F06E-40E2-BCA4-C10CE75E3BDA}
		{61869BEC-389A-4F4E-8AEC-10BC15A0DEFD} = {FFD3C85D-9451-4936-B8F8-DAF071E5F0A5}
		{027052D8-E4BC-4C8A-BC66-8DDCB07732F2} = {69DA6B43-F06E-40E2-BCA4-C10CE75E3BDA}
		{7E3C98BE-5CD8-40D5-929C-92E108FEF2ED} = {D59622E0-CD8A-48D0-B81D-751064101B43}
		{3016CA6B-D99B-4D3D-B827-2337BD88C145} = {07DF7DD9-420B-49D8-892D-D18C154CA578}
		{1BF4F8D0-ECFD-4AD8-AEB6-AE04721A14AF} = {19C1ED1F-932D-44B3-B84E-4F30A7103DA7}
		{07DF7DD9-420B-49D8-892D-D18C154CA578} = {027052D8-E4BC-4C8A-BC66-8DDCB07732F2}
		{19C1ED1F-932D-44B3-B84E-4F30A7103DA7} = {027052D8-E4BC-4C8A-BC66-8DDCB07732F2}
		{49D52272-39DD-4CB3-8921-B33207BE43AE} = {E30F7EEA-E03B-4A98-86CA-7E288AA6D0AF}
		{842FC672-9A07-469A-B882-9863BB0F182B} = {49D52272-39DD-4CB3-8921-B33207BE43AE}
		{FA2A71F9-C999-4CD6-9F2C-73AC0C40AC49} = {49D52272-39DD-4CB3-8921-B33207BE43AE}
		{3EF18632-0086-4327-85BD-A2DB782BE06F} = {49D52272-39DD-4CB3-8921-B33207BE43AE}
		{2E8F906A-E9D0-4063-A544-BAE60F29A90B} = {49D52272-39DD-4CB3-8921-B33207BE43AE}
	EndGlobalSection
	GlobalSection(ExtensibilityGlobals) = postSolution
		SolutionGuid = {F9895656-0897-4137-86F9-8DBCC5E494A6}
	EndGlobalSection
EndGlobal
